
Microsoft Visual Studio Solution File, Format Version 12.00
# Visual Studio 2015
Project("{FAE04EC0-301F-11D3-BF4B-00C04F79EFBC}") = "Tetris_AR_Unity3D", "Tetris_AR_Unity3D.csproj", "{C8A43E7C-EF55-D34D-1D5E-1752EAAB8EF2}"
EndProject
Project("{FAE04EC0-301F-11D3-BF4B-00C04F79EFBC}") = "Tetris_AR_Unity3D.Editor", "Tetris_AR_Unity3D.Editor.csproj", "{70DD97F8-C54D-5E5B-BA88-B24C31FB49FD}"
EndProject
Global
	GlobalSection(SolutionConfigurationPlatforms) = preSolution
		Debug|Any CPU = Debug|Any CPU
		Release|Any CPU = Release|Any CPU
	EndGlobalSection
	GlobalSection(ProjectConfigurationPlatforms) = postSolution
		{C8A43E7C-EF55-D34D-1D5E-1752EAAB8EF2}.Debug|Any CPU.ActiveCfg = Debug|Any CPU
		{C8A43E7C-EF55-D34D-1D5E-1752EAAB8EF2}.Debug|Any CPU.Build.0 = Debug|Any CPU
		{C8A43E7C-EF55-D34D-1D5E-1752EAAB8EF2}.Release|Any CPU.ActiveCfg = Release|Any CPU
		{C8A43E7C-EF55-D34D-1D5E-1752EAAB8EF2}.Release|Any CPU.Build.0 = Release|Any CPU
		{70DD97F8-C54D-5E5B-BA88-B24C31FB49FD}.Debug|Any CPU.ActiveCfg = Debug|Any CPU
		{70DD97F8-C54D-5E5B-BA88-B24C31FB49FD}.Debug|Any CPU.Build.0 = Debug|Any CPU
		{70DD97F8-C54D-5E5B-BA88-B24C31FB49FD}.Release|Any CPU.ActiveCfg = Release|Any CPU
		{70DD97F8-C54D-5E5B-BA88-B24C31FB49FD}.Release|Any CPU.Build.0 = Release|Any CPU
	EndGlobalSection
	GlobalSection(SolutionProperties) = preSolution
		HideSolutionNode = FALSE
	EndGlobalSection
EndGlobal
